
Microsoft Visual Studio Solution File, Format Version 12.00
# Visual Studio Version 17
VisualStudioVersion = 17.0.31919.166
MinimumVisualStudioVersion = 10.0.40219.1
Project("{8BC9CEB8-8B4A-11D0-8D11-00A0C91BC942}") = "PreBuild", "core\PreBuild\PreBuild.vcxproj", "{06B391F9-AF53-43A2-A57A-8C97EC445641}"
EndProject
Project("{8BC9CEB8-8B4A-11D0-8D11-00A0C91BC942}") = "lib3p", "core\lib3p\lib3p.vcxproj", "{6CA1658D-794F-4402-A90B-7EA9A8DCE353}"
EndProject
Project("{8BC9CEB8-8B4A-11D0-8D11-00A0C91BC942}") = "eg", "core\engine\eg.vcxproj", "{79ACB775-429A-4C9A-9DDF-B30F42601FE0}"
	ProjectSection(ProjectDependencies) = postProject
		{06B391F9-AF53-43A2-A57A-8C97EC445641} = {06B391F9-AF53-43A2-A57A-8C97EC445641}
		{DB80D880-1DBF-4658-88B6-7BF336162DBA} = {DB80D880-1DBF-4658-88B6-7BF336162DBA}
	EndProjectSection
EndProject
Project("{2150E333-8FDC-42A3-9474-1A3956D46DE8}") = "Tools", "Tools", "{D211C389-C88A-4B0E-8F49-5A91A674AC41}"
EndProject
Project("{2150E333-8FDC-42A3-9474-1A3956D46DE8}") = "Libs", "Libs", "{283DA2D4-0F07-4A9F-97FF-F050F691C0B1}"
EndProject
Project("{2150E333-8FDC-42A3-9474-1A3956D46DE8}") = "Games", "Games", "{C3F40E1E-EEA6-4A51-9D32-620C89E9774B}"
EndProject
Project("{8BC9CEB8-8B4A-11D0-8D11-00A0C91BC942}") = "egmake2", "core\tools\egmake2\egmake2.vcxproj", "{0C8ED036-E63A-4A9D-BB59-DBB2D0597223}"
	ProjectSection(ProjectDependencies) = postProject
		{6CA1658D-794F-4402-A90B-7EA9A8DCE353} = {6CA1658D-794F-4402-A90B-7EA9A8DCE353}
		{B07F400C-A597-436B-9C64-084DB32283F9} = {B07F400C-A597-436B-9C64-084DB32283F9}
		{E9B11CE4-1E4E-41D7-B80E-7B4D3B674EA2} = {E9B11CE4-1E4E-41D7-B80E-7B4D3B674EA2}
	EndProjectSection
EndProject
Project("{2150E333-8FDC-42A3-9474-1A3956D46DE8}") = "Engine", "Engine", "{3F3E7F11-BD4D-4B6C-9360-4C2D016D2FD3}"
EndProject
Project("{8BC9CEB8-8B4A-11D0-8D11-00A0C91BC942}") = "eglib", "core\eglib\eglib.vcxproj", "{E9B11CE4-1E4E-41D7-B80E-7B4D3B674EA2}"
EndProject
Project("{8BC9CEB8-8B4A-11D0-8D11-00A0C91BC942}") = "EGWndTest", "core\tools\EGWndTest\EGWndTest.vcxproj", "{A5072A2C-EFE2-40F5-8B6A-77D31C6BDFD7}"
	ProjectSection(ProjectDependencies) = postProject
		{42CA94F3-EDEE-4A3E-BBAE-3DCF052B93AB} = {42CA94F3-EDEE-4A3E-BBAE-3DCF052B93AB}
		{B07F400C-A597-436B-9C64-084DB32283F9} = {B07F400C-A597-436B-9C64-084DB32283F9}
		{E9B11CE4-1E4E-41D7-B80E-7B4D3B674EA2} = {E9B11CE4-1E4E-41D7-B80E-7B4D3B674EA2}
	EndProjectSection
EndProject
Project("{8BC9CEB8-8B4A-11D0-8D11-00A0C91BC942}") = "EGEdResLib", "core\tools\EGEdResLib\EGEdResLib.vcxproj", "{42CA94F3-EDEE-4A3E-BBAE-3DCF052B93AB}"
EndProject
Project("{8BC9CEB8-8B4A-11D0-8D11-00A0C91BC942}") = "EGEdApp", "core\tools\EGEdApp\EGEdApp.vcxproj", "{D86A39F5-5B68-4955-A5BD-0AD9C3C7DF38}"
	ProjectSection(ProjectDependencies) = postProject
		{42CA94F3-EDEE-4A3E-BBAE-3DCF052B93AB} = {42CA94F3-EDEE-4A3E-BBAE-3DCF052B93AB}
		{B07F400C-A597-436B-9C64-084DB32283F9} = {B07F400C-A597-436B-9C64-084DB32283F9}
		{E9B11CE4-1E4E-41D7-B80E-7B4D3B674EA2} = {E9B11CE4-1E4E-41D7-B80E-7B4D3B674EA2}
	EndProjectSection
EndProject
Project("{8BC9CEB8-8B4A-11D0-8D11-00A0C91BC942}") = "PreTools", "tools\PreTools.vcxproj", "{CCC60619-9FAF-408F-875F-8578DC6A51C5}"
EndProject
Project("{8BC9CEB8-8B4A-11D0-8D11-00A0C91BC942}") = "EGEdConfig", "core\tools\EGEdConfig\EGEdConfig.vcxproj", "{B7540DD5-3C32-4D27-BBAA-FE251400B9F0}"
	ProjectSection(ProjectDependencies) = postProject
		{6CA1658D-794F-4402-A90B-7EA9A8DCE353} = {6CA1658D-794F-4402-A90B-7EA9A8DCE353}
		{B07F400C-A597-436B-9C64-084DB32283F9} = {B07F400C-A597-436B-9C64-084DB32283F9}
		{E9B11CE4-1E4E-41D7-B80E-7B4D3B674EA2} = {E9B11CE4-1E4E-41D7-B80E-7B4D3B674EA2}
	EndProjectSection
EndProject
Project("{8BC9CEB8-8B4A-11D0-8D11-00A0C91BC942}") = "egfoundation", "core\foundation\egfoundation.vcxproj", "{B07F400C-A597-436B-9C64-084DB32283F9}"
	ProjectSection(ProjectDependencies) = postProject
		{E9B11CE4-1E4E-41D7-B80E-7B4D3B674EA2} = {E9B11CE4-1E4E-41D7-B80E-7B4D3B674EA2}
	EndProjectSection
EndProject
Project("{8BC9CEB8-8B4A-11D0-8D11-00A0C91BC942}") = "EGEdLib", "core\tools\EGEdLib\EGEdLib.vcxproj", "{DB80D880-1DBF-4658-88B6-7BF336162DBA}"
	ProjectSection(ProjectDependencies) = postProject
		{06B391F9-AF53-43A2-A57A-8C97EC445641} = {06B391F9-AF53-43A2-A57A-8C97EC445641}
		{42CA94F3-EDEE-4A3E-BBAE-3DCF052B93AB} = {42CA94F3-EDEE-4A3E-BBAE-3DCF052B93AB}
	EndProjectSection
EndProject
Project("{8BC9CEB8-8B4A-11D0-8D11-00A0C91BC942}") = "EGScc", "core\tools\EGScc\EGScc.vcxproj", "{DD58DC2B-F021-4687-ABCD-5474509E544F}"
EndProject
Project("{8BC9CEB8-8B4A-11D0-8D11-00A0C91BC942}") = "ExGame", "games\ExGame\ExGame.vcxproj", "{FB5A37C6-1756-4AE0-9DEB-69038DC9B20B}"
	ProjectSection(ProjectDependencies) = postProject
		{79ACB775-429A-4C9A-9DDF-B30F42601FE0} = {79ACB775-429A-4C9A-9DDF-B30F42601FE0}
	EndProjectSection
EndProject
Project("{8BC9CEB8-8B4A-11D0-8D11-00A0C91BC942}") = "egdata", "core\egdata\egdata.vcxproj", "{F5AC9F8E-5A30-4F3A-8342-B7F75BEE24CD}"
EndProject
Global
	GlobalSection(SolutionConfigurationPlatforms) = preSolution
		Debug|x64 = Debug|x64
		Debug|x86 = Debug|x86
		DebugEditor|x64 = DebugEditor|x64
		DebugEditor|x86 = DebugEditor|x86
		Release|x64 = Release|x64
		Release|x86 = Release|x86
		ReleaseEditor|x64 = ReleaseEditor|x64
		ReleaseEditor|x86 = ReleaseEditor|x86
	EndGlobalSection
	GlobalSection(ProjectConfigurationPlatforms) = postSolution
		{06B391F9-AF53-43A2-A57A-8C97EC445641}.Debug|x64.ActiveCfg = Release|x64
		{06B391F9-AF53-43A2-A57A-8C97EC445641}.Debug|x64.Build.0 = Release|x64
		{06B391F9-AF53-43A2-A57A-8C97EC445641}.Debug|x86.ActiveCfg = Release|x64
		{06B391F9-AF53-43A2-A57A-8C97EC445641}.DebugEditor|x64.ActiveCfg = Release|x64
		{06B391F9-AF53-43A2-A57A-8C97EC445641}.DebugEditor|x64.Build.0 = Release|x64
		{06B391F9-AF53-43A2-A57A-8C97EC445641}.DebugEditor|x86.ActiveCfg = Release|x64
		{06B391F9-AF53-43A2-A57A-8C97EC445641}.Release|x64.ActiveCfg = Release|x64
		{06B391F9-AF53-43A2-A57A-8C97EC445641}.Release|x64.Build.0 = Release|x64
		{06B391F9-AF53-43A2-A57A-8C97EC445641}.Release|x86.ActiveCfg = Release|x64
		{06B391F9-AF53-43A2-A57A-8C97EC445641}.ReleaseEditor|x64.ActiveCfg = Release|x64
		{06B391F9-AF53-43A2-A57A-8C97EC445641}.ReleaseEditor|x64.Build.0 = Release|x64
		{06B391F9-AF53-43A2-A57A-8C97EC445641}.ReleaseEditor|x86.ActiveCfg = Release|x64
		{6CA1658D-794F-4402-A90B-7EA9A8DCE353}.Debug|x64.ActiveCfg = Debug|x64
		{6CA1658D-794F-4402-A90B-7EA9A8DCE353}.Debug|x64.Build.0 = Debug|x64
		{6CA1658D-794F-4402-A90B-7EA9A8DCE353}.Debug|x86.ActiveCfg = Debug|x64
		{6CA1658D-794F-4402-A90B-7EA9A8DCE353}.DebugEditor|x64.ActiveCfg = Debug|x64
		{6CA1658D-794F-4402-A90B-7EA9A8DCE353}.DebugEditor|x64.Build.0 = Debug|x64
		{6CA1658D-794F-4402-A90B-7EA9A8DCE353}.DebugEditor|x86.ActiveCfg = Debug|x64
		{6CA1658D-794F-4402-A90B-7EA9A8DCE353}.Release|x64.ActiveCfg = Release|x64
		{6CA1658D-794F-4402-A90B-7EA9A8DCE353}.Release|x64.Build.0 = Release|x64
		{6CA1658D-794F-4402-A90B-7EA9A8DCE353}.Release|x86.ActiveCfg = Release|x64
		{6CA1658D-794F-4402-A90B-7EA9A8DCE353}.ReleaseEditor|x64.ActiveCfg = Release|x64
		{6CA1658D-794F-4402-A90B-7EA9A8DCE353}.ReleaseEditor|x64.Build.0 = Release|x64
		{6CA1658D-794F-4402-A90B-7EA9A8DCE353}.ReleaseEditor|x86.ActiveCfg = Release|x64
		{79ACB775-429A-4C9A-9DDF-B30F42601FE0}.Debug|x64.ActiveCfg = Debug|x64
		{79ACB775-429A-4C9A-9DDF-B30F42601FE0}.Debug|x64.Build.0 = Debug|x64
		{79ACB775-429A-4C9A-9DDF-B30F42601FE0}.Debug|x86.ActiveCfg = Debug|x64
		{79ACB775-429A-4C9A-9DDF-B30F42601FE0}.DebugEditor|x64.ActiveCfg = DebugEditor|x64
		{79ACB775-429A-4C9A-9DDF-B30F42601FE0}.DebugEditor|x64.Build.0 = DebugEditor|x64
		{79ACB775-429A-4C9A-9DDF-B30F42601FE0}.DebugEditor|x86.ActiveCfg = Debug|x64
		{79ACB775-429A-4C9A-9DDF-B30F42601FE0}.Release|x64.ActiveCfg = Release|x64
		{79ACB775-429A-4C9A-9DDF-B30F42601FE0}.Release|x64.Build.0 = Release|x64
		{79ACB775-429A-4C9A-9DDF-B30F42601FE0}.Release|x86.ActiveCfg = Release|x64
		{79ACB775-429A-4C9A-9DDF-B30F42601FE0}.ReleaseEditor|x64.ActiveCfg = ReleaseEditor|x64
		{79ACB775-429A-4C9A-9DDF-B30F42601FE0}.ReleaseEditor|x64.Build.0 = ReleaseEditor|x64
		{79ACB775-429A-4C9A-9DDF-B30F42601FE0}.ReleaseEditor|x86.ActiveCfg = Release|x64
		{0C8ED036-E63A-4A9D-BB59-DBB2D0597223}.Debug|x64.ActiveCfg = Debug|x64
		{0C8ED036-E63A-4A9D-BB59-DBB2D0597223}.Debug|x64.Build.0 = Debug|x64
		{0C8ED036-E63A-4A9D-BB59-DBB2D0597223}.Debug|x86.ActiveCfg = Debug|x64
		{0C8ED036-E63A-4A9D-BB59-DBB2D0597223}.DebugEditor|x64.ActiveCfg = Debug|x64
		{0C8ED036-E63A-4A9D-BB59-DBB2D0597223}.DebugEditor|x64.Build.0 = Debug|x64
		{0C8ED036-E63A-4A9D-BB59-DBB2D0597223}.DebugEditor|x86.ActiveCfg = Debug|x64
		{0C8ED036-E63A-4A9D-BB59-DBB2D0597223}.Release|x64.ActiveCfg = Release|x64
		{0C8ED036-E63A-4A9D-BB59-DBB2D0597223}.Release|x64.Build.0 = Release|x64
		{0C8ED036-E63A-4A9D-BB59-DBB2D0597223}.Release|x86.ActiveCfg = Release|x64
		{0C8ED036-E63A-4A9D-BB59-DBB2D0597223}.ReleaseEditor|x64.ActiveCfg = Release|x64
		{0C8ED036-E63A-4A9D-BB59-DBB2D0597223}.ReleaseEditor|x64.Build.0 = Release|x64
		{0C8ED036-E63A-4A9D-BB59-DBB2D0597223}.ReleaseEditor|x86.ActiveCfg = Release|x64
		{E9B11CE4-1E4E-41D7-B80E-7B4D3B674EA2}.Debug|x64.ActiveCfg = Debug|x64
		{E9B11CE4-1E4E-41D7-B80E-7B4D3B674EA2}.Debug|x64.Build.0 = Debug|x64
		{E9B11CE4-1E4E-41D7-B80E-7B4D3B674EA2}.Debug|x86.ActiveCfg = Debug|Win32
		{E9B11CE4-1E4E-41D7-B80E-7B4D3B674EA2}.Debug|x86.Build.0 = Debug|Win32
		{E9B11CE4-1E4E-41D7-B80E-7B4D3B674EA2}.DebugEditor|x64.ActiveCfg = Debug|x64
		{E9B11CE4-1E4E-41D7-B80E-7B4D3B674EA2}.DebugEditor|x64.Build.0 = Debug|x64
		{E9B11CE4-1E4E-41D7-B80E-7B4D3B674EA2}.DebugEditor|x86.ActiveCfg = Debug|Win32
		{E9B11CE4-1E4E-41D7-B80E-7B4D3B674EA2}.DebugEditor|x86.Build.0 = Debug|Win32
		{E9B11CE4-1E4E-41D7-B80E-7B4D3B674EA2}.Release|x64.ActiveCfg = Release|x64
		{E9B11CE4-1E4E-41D7-B80E-7B4D3B674EA2}.Release|x64.Build.0 = Release|x64
		{E9B11CE4-1E4E-41D7-B80E-7B4D3B674EA2}.Release|x86.ActiveCfg = Release|Win32
		{E9B11CE4-1E4E-41D7-B80E-7B4D3B674EA2}.Release|x86.Build.0 = Release|Win32
		{E9B11CE4-1E4E-41D7-B80E-7B4D3B674EA2}.ReleaseEditor|x64.ActiveCfg = Release|x64
		{E9B11CE4-1E4E-41D7-B80E-7B4D3B674EA2}.ReleaseEditor|x64.Build.0 = Release|x64
		{E9B11CE4-1E4E-41D7-B80E-7B4D3B674EA2}.ReleaseEditor|x86.ActiveCfg = Release|Win32
		{E9B11CE4-1E4E-41D7-B80E-7B4D3B674EA2}.ReleaseEditor|x86.Build.0 = Release|Win32
		{A5072A2C-EFE2-40F5-8B6A-77D31C6BDFD7}.Debug|x64.ActiveCfg = Debug|x64
		{A5072A2C-EFE2-40F5-8B6A-77D31C6BDFD7}.Debug|x64.Build.0 = Debug|x64
		{A5072A2C-EFE2-40F5-8B6A-77D31C6BDFD7}.Debug|x86.ActiveCfg = Debug|x64
		{A5072A2C-EFE2-40F5-8B6A-77D31C6BDFD7}.DebugEditor|x64.ActiveCfg = Debug|x64
		{A5072A2C-EFE2-40F5-8B6A-77D31C6BDFD7}.DebugEditor|x64.Build.0 = Debug|x64
		{A5072A2C-EFE2-40F5-8B6A-77D31C6BDFD7}.DebugEditor|x86.ActiveCfg = Debug|x64
		{A5072A2C-EFE2-40F5-8B6A-77D31C6BDFD7}.Release|x64.ActiveCfg = Release|x64
		{A5072A2C-EFE2-40F5-8B6A-77D31C6BDFD7}.Release|x64.Build.0 = Release|x64
		{A5072A2C-EFE2-40F5-8B6A-77D31C6BDFD7}.Release|x86.ActiveCfg = Release|x64
		{A5072A2C-EFE2-40F5-8B6A-77D31C6BDFD7}.ReleaseEditor|x64.ActiveCfg = Release|x64
		{A5072A2C-EFE2-40F5-8B6A-77D31C6BDFD7}.ReleaseEditor|x64.Build.0 = Release|x64
		{A5072A2C-EFE2-40F5-8B6A-77D31C6BDFD7}.ReleaseEditor|x86.ActiveCfg = Release|x64
		{42CA94F3-EDEE-4A3E-BBAE-3DCF052B93AB}.Debug|x64.ActiveCfg = Release|x64
		{42CA94F3-EDEE-4A3E-BBAE-3DCF052B93AB}.Debug|x86.ActiveCfg = Release|x64
		{42CA94F3-EDEE-4A3E-BBAE-3DCF052B93AB}.DebugEditor|x64.ActiveCfg = Release|x64
		{42CA94F3-EDEE-4A3E-BBAE-3DCF052B93AB}.DebugEditor|x64.Build.0 = Release|x64
		{42CA94F3-EDEE-4A3E-BBAE-3DCF052B93AB}.DebugEditor|x86.ActiveCfg = Release|x64
		{42CA94F3-EDEE-4A3E-BBAE-3DCF052B93AB}.Release|x64.ActiveCfg = Release|x64
		{42CA94F3-EDEE-4A3E-BBAE-3DCF052B93AB}.Release|x86.ActiveCfg = Release|x64
		{42CA94F3-EDEE-4A3E-BBAE-3DCF052B93AB}.ReleaseEditor|x64.ActiveCfg = Release|x64
		{42CA94F3-EDEE-4A3E-BBAE-3DCF052B93AB}.ReleaseEditor|x64.Build.0 = Release|x64
		{42CA94F3-EDEE-4A3E-BBAE-3DCF052B93AB}.ReleaseEditor|x86.ActiveCfg = Release|x64
		{D86A39F5-5B68-4955-A5BD-0AD9C3C7DF38}.Debug|x64.ActiveCfg = Debug|x64
		{D86A39F5-5B68-4955-A5BD-0AD9C3C7DF38}.Debug|x64.Build.0 = Debug|x64
		{D86A39F5-5B68-4955-A5BD-0AD9C3C7DF38}.Debug|x86.ActiveCfg = Debug|x64
		{D86A39F5-5B68-4955-A5BD-0AD9C3C7DF38}.DebugEditor|x64.ActiveCfg = Debug|x64
		{D86A39F5-5B68-4955-A5BD-0AD9C3C7DF38}.DebugEditor|x64.Build.0 = Debug|x64
		{D86A39F5-5B68-4955-A5BD-0AD9C3C7DF38}.DebugEditor|x86.ActiveCfg = Release|x64
		{D86A39F5-5B68-4955-A5BD-0AD9C3C7DF38}.Release|x64.ActiveCfg = Release|x64
		{D86A39F5-5B68-4955-A5BD-0AD9C3C7DF38}.Release|x64.Build.0 = Release|x64
		{D86A39F5-5B68-4955-A5BD-0AD9C3C7DF38}.Release|x86.ActiveCfg = Release|x64
		{D86A39F5-5B68-4955-A5BD-0AD9C3C7DF38}.ReleaseEditor|x64.ActiveCfg = Release|x64
		{D86A39F5-5B68-4955-A5BD-0AD9C3C7DF38}.ReleaseEditor|x64.Build.0 = Release|x64
		{D86A39F5-5B68-4955-A5BD-0AD9C3C7DF38}.ReleaseEditor|x86.ActiveCfg = Release|x64
		{CCC60619-9FAF-408F-875F-8578DC6A51C5}.Debug|x64.ActiveCfg = Debug|Win32
		{CCC60619-9FAF-408F-875F-8578DC6A51C5}.Debug|x86.ActiveCfg = Debug|Win32
		{CCC60619-9FAF-408F-875F-8578DC6A51C5}.DebugEditor|x64.ActiveCfg = Release|Win32
		{CCC60619-9FAF-408F-875F-8578DC6A51C5}.DebugEditor|x86.ActiveCfg = Debug|Win32
		{CCC60619-9FAF-408F-875F-8578DC6A51C5}.Release|x64.ActiveCfg = Release|Win32
		{CCC60619-9FAF-408F-875F-8578DC6A51C5}.Release|x86.ActiveCfg = Release|Win32
		{CCC60619-9FAF-408F-875F-8578DC6A51C5}.ReleaseEditor|x64.ActiveCfg = Release|Win32
		{CCC60619-9FAF-408F-875F-8578DC6A51C5}.ReleaseEditor|x86.ActiveCfg = Release|Win32
		{B7540DD5-3C32-4D27-BBAA-FE251400B9F0}.Debug|x64.ActiveCfg = Debug|x64
		{B7540DD5-3C32-4D27-BBAA-FE251400B9F0}.Debug|x64.Build.0 = Debug|x64
		{B7540DD5-3C32-4D27-BBAA-FE251400B9F0}.Debug|x86.ActiveCfg = Debug|x64
		{B7540DD5-3C32-4D27-BBAA-FE251400B9F0}.DebugEditor|x64.ActiveCfg = Debug|x64
		{B7540DD5-3C32-4D27-BBAA-FE251400B9F0}.DebugEditor|x64.Build.0 = Debug|x64
		{B7540DD5-3C32-4D27-BBAA-FE251400B9F0}.DebugEditor|x86.ActiveCfg = Release|x64
		{B7540DD5-3C32-4D27-BBAA-FE251400B9F0}.DebugEditor|x86.Build.0 = Release|x64
		{B7540DD5-3C32-4D27-BBAA-FE251400B9F0}.Release|x64.ActiveCfg = Release|x64
		{B7540DD5-3C32-4D27-BBAA-FE251400B9F0}.Release|x64.Build.0 = Release|x64
		{B7540DD5-3C32-4D27-BBAA-FE251400B9F0}.Release|x86.ActiveCfg = Release|x64
		{B7540DD5-3C32-4D27-BBAA-FE251400B9F0}.ReleaseEditor|x64.ActiveCfg = Release|x64
		{B7540DD5-3C32-4D27-BBAA-FE251400B9F0}.ReleaseEditor|x64.Build.0 = Release|x64
		{B7540DD5-3C32-4D27-BBAA-FE251400B9F0}.ReleaseEditor|x86.ActiveCfg = Release|x64
		{B7540DD5-3C32-4D27-BBAA-FE251400B9F0}.ReleaseEditor|x86.Build.0 = Release|x64
		{B07F400C-A597-436B-9C64-084DB32283F9}.Debug|x64.ActiveCfg = Debug|x64
		{B07F400C-A597-436B-9C64-084DB32283F9}.Debug|x64.Build.0 = Debug|x64
		{B07F400C-A597-436B-9C64-084DB32283F9}.Debug|x86.ActiveCfg = Debug|Win32
		{B07F400C-A597-436B-9C64-084DB32283F9}.Debug|x86.Build.0 = Debug|Win32
		{B07F400C-A597-436B-9C64-084DB32283F9}.DebugEditor|x64.ActiveCfg = Debug|x64
		{B07F400C-A597-436B-9C64-084DB32283F9}.DebugEditor|x64.Build.0 = Debug|x64
		{B07F400C-A597-436B-9C64-084DB32283F9}.DebugEditor|x86.ActiveCfg = Debug|Win32
		{B07F400C-A597-436B-9C64-084DB32283F9}.DebugEditor|x86.Build.0 = Debug|Win32
		{B07F400C-A597-436B-9C64-084DB32283F9}.Release|x64.ActiveCfg = Release|x64
		{B07F400C-A597-436B-9C64-084DB32283F9}.Release|x64.Build.0 = Release|x64
		{B07F400C-A597-436B-9C64-084DB32283F9}.Release|x86.ActiveCfg = Release|Win32
		{B07F400C-A597-436B-9C64-084DB32283F9}.Release|x86.Build.0 = Release|Win32
		{B07F400C-A597-436B-9C64-084DB32283F9}.ReleaseEditor|x64.ActiveCfg = Release|x64
		{B07F400C-A597-436B-9C64-084DB32283F9}.ReleaseEditor|x64.Build.0 = Release|x64
		{B07F400C-A597-436B-9C64-084DB32283F9}.ReleaseEditor|x86.ActiveCfg = Release|Win32
		{B07F400C-A597-436B-9C64-084DB32283F9}.ReleaseEditor|x86.Build.0 = Release|Win32
		{DB80D880-1DBF-4658-88B6-7BF336162DBA}.Debug|x64.ActiveCfg = Debug|x64
		{DB80D880-1DBF-4658-88B6-7BF336162DBA}.Debug|x64.Build.0 = Debug|x64
		{DB80D880-1DBF-4658-88B6-7BF336162DBA}.Debug|x86.ActiveCfg = Debug|x64
		{DB80D880-1DBF-4658-88B6-7BF336162DBA}.DebugEditor|x64.ActiveCfg = Debug|x64
		{DB80D880-1DBF-4658-88B6-7BF336162DBA}.DebugEditor|x64.Build.0 = Debug|x64
		{DB80D880-1DBF-4658-88B6-7BF336162DBA}.DebugEditor|x86.ActiveCfg = Release|x64
		{DB80D880-1DBF-4658-88B6-7BF336162DBA}.DebugEditor|x86.Build.0 = Release|x64
		{DB80D880-1DBF-4658-88B6-7BF336162DBA}.Release|x64.ActiveCfg = Release|x64
		{DB80D880-1DBF-4658-88B6-7BF336162DBA}.Release|x64.Build.0 = Release|x64
		{DB80D880-1DBF-4658-88B6-7BF336162DBA}.Release|x86.ActiveCfg = Release|x64
		{DB80D880-1DBF-4658-88B6-7BF336162DBA}.ReleaseEditor|x64.ActiveCfg = Release|x64
		{DB80D880-1DBF-4658-88B6-7BF336162DBA}.ReleaseEditor|x64.Build.0 = Release|x64
		{DB80D880-1DBF-4658-88B6-7BF336162DBA}.ReleaseEditor|x86.ActiveCfg = Release|x64
		{DB80D880-1DBF-4658-88B6-7BF336162DBA}.ReleaseEditor|x86.Build.0 = Release|x64
		{DD58DC2B-F021-4687-ABCD-5474509E544F}.Debug|x64.ActiveCfg = Release|x64
		{DD58DC2B-F021-4687-ABCD-5474509E544F}.Debug|x64.Build.0 = Release|x64
		{DD58DC2B-F021-4687-ABCD-5474509E544F}.Debug|x86.ActiveCfg = Release|x64
		{DD58DC2B-F021-4687-ABCD-5474509E544F}.Debug|x86.Build.0 = Release|x64
		{DD58DC2B-F021-4687-ABCD-5474509E544F}.DebugEditor|x64.ActiveCfg = Release|x64
		{DD58DC2B-F021-4687-ABCD-5474509E544F}.DebugEditor|x64.Build.0 = Release|x64
		{DD58DC2B-F021-4687-ABCD-5474509E544F}.DebugEditor|x86.ActiveCfg = Release|x64
		{DD58DC2B-F021-4687-ABCD-5474509E544F}.DebugEditor|x86.Build.0 = Release|x64
		{DD58DC2B-F021-4687-ABCD-5474509E544F}.Release|x64.ActiveCfg = Release|x64
		{DD58DC2B-F021-4687-ABCD-5474509E544F}.Release|x64.Build.0 = Release|x64
		{DD58DC2B-F021-4687-ABCD-5474509E544F}.Release|x86.ActiveCfg = Release|x64
		{DD58DC2B-F021-4687-ABCD-5474509E544F}.ReleaseEditor|x64.ActiveCfg = Release|x64
		{DD58DC2B-F021-4687-ABCD-5474509E544F}.ReleaseEditor|x64.Build.0 = Release|x64
		{DD58DC2B-F021-4687-ABCD-5474509E544F}.ReleaseEditor|x86.ActiveCfg = Release|x64
		{DD58DC2B-F021-4687-ABCD-5474509E544F}.ReleaseEditor|x86.Build.0 = Release|x64
		{FB5A37C6-1756-4AE0-9DEB-69038DC9B20B}.Debug|x64.ActiveCfg = Debug|x64
		{FB5A37C6-1756-4AE0-9DEB-69038DC9B20B}.Debug|x64.Build.0 = Debug|x64
		{FB5A37C6-1756-4AE0-9DEB-69038DC9B20B}.Debug|x86.ActiveCfg = Debug|x64
		{FB5A37C6-1756-4AE0-9DEB-69038DC9B20B}.DebugEditor|x64.ActiveCfg = DebugEditor|x64
		{FB5A37C6-1756-4AE0-9DEB-69038DC9B20B}.DebugEditor|x64.Build.0 = DebugEditor|x64
		{FB5A37C6-1756-4AE0-9DEB-69038DC9B20B}.DebugEditor|x86.ActiveCfg = DebugEditor|x64
		{FB5A37C6-1756-4AE0-9DEB-69038DC9B20B}.Release|x64.ActiveCfg = Release|x64
		{FB5A37C6-1756-4AE0-9DEB-69038DC9B20B}.Release|x64.Build.0 = Release|x64
		{FB5A37C6-1756-4AE0-9DEB-69038DC9B20B}.Release|x86.ActiveCfg = Release|x64
		{FB5A37C6-1756-4AE0-9DEB-69038DC9B20B}.ReleaseEditor|x64.ActiveCfg = ReleaseEditor|x64
		{FB5A37C6-1756-4AE0-9DEB-69038DC9B20B}.ReleaseEditor|x64.Build.0 = ReleaseEditor|x64
		{FB5A37C6-1756-4AE0-9DEB-69038DC9B20B}.ReleaseEditor|x86.ActiveCfg = ReleaseEditor|x64
		{F5AC9F8E-5A30-4F3A-8342-B7F75BEE24CD}.Debug|x64.ActiveCfg = Debug|Win32
		{F5AC9F8E-5A30-4F3A-8342-B7F75BEE24CD}.Debug|x86.ActiveCfg = Debug|Win32
		{F5AC9F8E-5A30-4F3A-8342-B7F75BEE24CD}.Debug|x86.Build.0 = Debug|Win32
		{F5AC9F8E-5A30-4F3A-8342-B7F75BEE24CD}.DebugEditor|x64.ActiveCfg = Release|Win32
		{F5AC9F8E-5A30-4F3A-8342-B7F75BEE24CD}.DebugEditor|x86.ActiveCfg = Debug|Win32
		{F5AC9F8E-5A30-4F3A-8342-B7F75BEE24CD}.DebugEditor|x86.Build.0 = Debug|Win32
		{F5AC9F8E-5A30-4F3A-8342-B7F75BEE24CD}.Release|x64.ActiveCfg = Release|Win32
		{F5AC9F8E-5A30-4F3A-8342-B7F75BEE24CD}.Release|x86.ActiveCfg = Release|Win32
		{F5AC9F8E-5A30-4F3A-8342-B7F75BEE24CD}.Release|x86.Build.0 = Release|Win32
		{F5AC9F8E-5A30-4F3A-8342-B7F75BEE24CD}.ReleaseEditor|x64.ActiveCfg = Release|Win32
		{F5AC9F8E-5A30-4F3A-8342-B7F75BEE24CD}.ReleaseEditor|x64.Build.0 = Release|Win32
		{F5AC9F8E-5A30-4F3A-8342-B7F75BEE24CD}.ReleaseEditor|x86.ActiveCfg = Release|Win32
		{F5AC9F8E-5A30-4F3A-8342-B7F75BEE24CD}.ReleaseEditor|x86.Build.0 = Release|Win32
	EndGlobalSection
	GlobalSection(SolutionProperties) = preSolution
		HideSolutionNode = FALSE
	EndGlobalSection
	GlobalSection(NestedProjects) = preSolution
		{06B391F9-AF53-43A2-A57A-8C97EC445641} = {3F3E7F11-BD4D-4B6C-9360-4C2D016D2FD3}
		{6CA1658D-794F-4402-A90B-7EA9A8DCE353} = {283DA2D4-0F07-4A9F-97FF-F050F691C0B1}
		{79ACB775-429A-4C9A-9DDF-B30F42601FE0} = {3F3E7F11-BD4D-4B6C-9360-4C2D016D2FD3}
		{D211C389-C88A-4B0E-8F49-5A91A674AC41} = {3F3E7F11-BD4D-4B6C-9360-4C2D016D2FD3}
		{283DA2D4-0F07-4A9F-97FF-F050F691C0B1} = {3F3E7F11-BD4D-4B6C-9360-4C2D016D2FD3}
		{0C8ED036-E63A-4A9D-BB59-DBB2D0597223} = {D211C389-C88A-4B0E-8F49-5A91A674AC41}
		{E9B11CE4-1E4E-41D7-B80E-7B4D3B674EA2} = {3F3E7F11-BD4D-4B6C-9360-4C2D016D2FD3}
		{A5072A2C-EFE2-40F5-8B6A-77D31C6BDFD7} = {D211C389-C88A-4B0E-8F49-5A91A674AC41}
		{42CA94F3-EDEE-4A3E-BBAE-3DCF052B93AB} = {D211C389-C88A-4B0E-8F49-5A91A674AC41}
		{D86A39F5-5B68-4955-A5BD-0AD9C3C7DF38} = {D211C389-C88A-4B0E-8F49-5A91A674AC41}
		{CCC60619-9FAF-408F-875F-8578DC6A51C5} = {D211C389-C88A-4B0E-8F49-5A91A674AC41}
		{B7540DD5-3C32-4D27-BBAA-FE251400B9F0} = {D211C389-C88A-4B0E-8F49-5A91A674AC41}
		{B07F400C-A597-436B-9C64-084DB32283F9} = {3F3E7F11-BD4D-4B6C-9360-4C2D016D2FD3}
		{DB80D880-1DBF-4658-88B6-7BF336162DBA} = {D211C389-C88A-4B0E-8F49-5A91A674AC41}
		{DD58DC2B-F021-4687-ABCD-5474509E544F} = {D211C389-C88A-4B0E-8F49-5A91A674AC41}
		{FB5A37C6-1756-4AE0-9DEB-69038DC9B20B} = {C3F40E1E-EEA6-4A51-9D32-620C89E9774B}
		{F5AC9F8E-5A30-4F3A-8342-B7F75BEE24CD} = {3F3E7F11-BD4D-4B6C-9360-4C2D016D2FD3}
	EndGlobalSection
	GlobalSection(ExtensibilityGlobals) = postSolution
		SolutionGuid = {62C25C02-0669-42FD-BB78-49BEEF8EB855}
	EndGlobalSection
EndGlobal
